
Microsoft Visual Studio Solution File, Format Version 12.00
# Visual Studio Version 17
VisualStudioVersion = 17.0.32014.148
MinimumVisualStudioVersion = 10.0.40219.1
Project("{FAE04EC0-301F-11D3-BF4B-00C04F79EFBC}") = "backend", "backend\backend.csproj", "{6B253A6B-979A-4DDC-A281-AD82988AB57E}"
EndProject
Global
	GlobalSection(SolutionConfigurationPlatforms) = preSolution
		Debug|Any CPU = Debug|Any CPU
		Release|Any CPU = Release|Any CPU
	EndGlobalSection
	GlobalSection(ProjectConfigurationPlatforms) = postSolution
		{6B253A6B-979A-4DDC-A281-AD82988AB57E}.Debug|Any CPU.ActiveCfg = Debug|Any CPU
		{6B253A6B-979A-4DDC-A281-AD82988AB57E}.Debug|Any CPU.Build.0 = Debug|Any CPU
		{6B253A6B-979A-4DDC-A281-AD82988AB57E}.Release|Any CPU.ActiveCfg = Release|Any CPU
		{6B253A6B-979A-4DDC-A281-AD82988AB57E}.Release|Any CPU.Build.0 = Release|Any CPU
	EndGlobalSection
	GlobalSection(SolutionProperties) = preSolution
		HideSolutionNode = FALSE
	EndGlobalSection
	GlobalSection(ExtensibilityGlobals) = postSolution
		SolutionGuid = {9A0150BE-BA7E-4125-B535-B244F2ADE471}
	EndGlobalSection
EndGlobal
